
Microsoft Visual Studio Solution File, Format Version 12.00
# Visual Studio Version 17
VisualStudioVersion = 17.9.34728.123
MinimumVisualStudioVersion = 10.0.40219.1
Project("{9A19103F-16F7-4668-BE54-9A1E7A4F7556}") = "Problem1", "Problem1\Problem1.csproj", "{40B6ECFD-1F03-4E51-BDE6-1A1FEF0C6B09}"
EndProject
Project("{9A19103F-16F7-4668-BE54-9A1E7A4F7556}") = "Problem2", "Problem2\Problem2.csproj", "{38C58C43-FFEF-4D42-9372-81248772C922}"
EndProject
Project("{9A19103F-16F7-4668-BE54-9A1E7A4F7556}") = "Problem3", "Problem3\Problem3.csproj", "{81569C58-ADF2-49DD-9522-D90ABF6DEE52}"
EndProject
Project("{9A19103F-16F7-4668-BE54-9A1E7A4F7556}") = "Problem4", "Problem4\Problem4.csproj", "{08A1815A-58D3-42D5-8FA7-B9B1AFA633E7}"
EndProject
Project("{9A19103F-16F7-4668-BE54-9A1E7A4F7556}") = "Problem5", "Problem5\Problem5.csproj", "{334B32CB-C814-4A28-ACBA-5839CA026E7E}"
EndProject
Project("{FAE04EC0-301F-11D3-BF4B-00C04F79EFBC}") = "Problem6", "Problem6\Problem6.csproj", "{07F241E2-FBE5-4540-904E-566A65F0EAA4}"
EndProject
Project("{FAE04EC0-301F-11D3-BF4B-00C04F79EFBC}") = "Problem7", "Problem7\Problem7.csproj", "{FC58000D-B0EB-4F88-B462-F6B6506CE6E7}"
EndProject
Project("{FAE04EC0-301F-11D3-BF4B-00C04F79EFBC}") = "Problem8", "Problem8\Problem8.csproj", "{F2F88A28-598A-49E2-88F2-D907B91412F1}"
EndProject
Global
	GlobalSection(SolutionConfigurationPlatforms) = preSolution
		Debug|Any CPU = Debug|Any CPU
		Release|Any CPU = Release|Any CPU
	EndGlobalSection
	GlobalSection(ProjectConfigurationPlatforms) = postSolution
		{40B6ECFD-1F03-4E51-BDE6-1A1FEF0C6B09}.Debug|Any CPU.ActiveCfg = Debug|Any CPU
		{40B6ECFD-1F03-4E51-BDE6-1A1FEF0C6B09}.Debug|Any CPU.Build.0 = Debug|Any CPU
		{40B6ECFD-1F03-4E51-BDE6-1A1FEF0C6B09}.Release|Any CPU.ActiveCfg = Release|Any CPU
		{40B6ECFD-1F03-4E51-BDE6-1A1FEF0C6B09}.Release|Any CPU.Build.0 = Release|Any CPU
		{38C58C43-FFEF-4D42-9372-81248772C922}.Debug|Any CPU.ActiveCfg = Debug|Any CPU
		{38C58C43-FFEF-4D42-9372-81248772C922}.Debug|Any CPU.Build.0 = Debug|Any CPU
		{38C58C43-FFEF-4D42-9372-81248772C922}.Release|Any CPU.ActiveCfg = Release|Any CPU
		{38C58C43-FFEF-4D42-9372-81248772C922}.Release|Any CPU.Build.0 = Release|Any CPU
		{81569C58-ADF2-49DD-9522-D90ABF6DEE52}.Debug|Any CPU.ActiveCfg = Debug|Any CPU
		{81569C58-ADF2-49DD-9522-D90ABF6DEE52}.Debug|Any CPU.Build.0 = Debug|Any CPU
		{81569C58-ADF2-49DD-9522-D90ABF6DEE52}.Release|Any CPU.ActiveCfg = Release|Any CPU
		{81569C58-ADF2-49DD-9522-D90ABF6DEE52}.Release|Any CPU.Build.0 = Release|Any CPU
		{08A1815A-58D3-42D5-8FA7-B9B1AFA633E7}.Debug|Any CPU.ActiveCfg = Debug|Any CPU
		{08A1815A-58D3-42D5-8FA7-B9B1AFA633E7}.Debug|Any CPU.Build.0 = Debug|Any CPU
		{08A1815A-58D3-42D5-8FA7-B9B1AFA633E7}.Release|Any CPU.ActiveCfg = Release|Any CPU
		{08A1815A-58D3-42D5-8FA7-B9B1AFA633E7}.Release|Any CPU.Build.0 = Release|Any CPU
		{334B32CB-C814-4A28-ACBA-5839CA026E7E}.Debug|Any CPU.ActiveCfg = Debug|Any CPU
		{334B32CB-C814-4A28-ACBA-5839CA026E7E}.Debug|Any CPU.Build.0 = Debug|Any CPU
		{334B32CB-C814-4A28-ACBA-5839CA026E7E}.Release|Any CPU.ActiveCfg = Release|Any CPU
		{334B32CB-C814-4A28-ACBA-5839CA026E7E}.Release|Any CPU.Build.0 = Release|Any CPU
		{07F241E2-FBE5-4540-904E-566A65F0EAA4}.Debug|Any CPU.ActiveCfg = Debug|Any CPU
		{07F241E2-FBE5-4540-904E-566A65F0EAA4}.Debug|Any CPU.Build.0 = Debug|Any CPU
		{07F241E2-FBE5-4540-904E-566A65F0EAA4}.Release|Any CPU.ActiveCfg = Release|Any CPU
		{07F241E2-FBE5-4540-904E-566A65F0EAA4}.Release|Any CPU.Build.0 = Release|Any CPU
		{FC58000D-B0EB-4F88-B462-F6B6506CE6E7}.Debug|Any CPU.ActiveCfg = Debug|Any CPU
		{FC58000D-B0EB-4F88-B462-F6B6506CE6E7}.Debug|Any CPU.Build.0 = Debug|Any CPU
		{FC58000D-B0EB-4F88-B462-F6B6506CE6E7}.Release|Any CPU.ActiveCfg = Release|Any CPU
		{FC58000D-B0EB-4F88-B462-F6B6506CE6E7}.Release|Any CPU.Build.0 = Release|Any CPU
		{F2F88A28-598A-49E2-88F2-D907B91412F1}.Debug|Any CPU.ActiveCfg = Debug|Any CPU
		{F2F88A28-598A-49E2-88F2-D907B91412F1}.Debug|Any CPU.Build.0 = Debug|Any CPU
		{F2F88A28-598A-49E2-88F2-D907B91412F1}.Release|Any CPU.ActiveCfg = Release|Any CPU
		{F2F88A28-598A-49E2-88F2-D907B91412F1}.Release|Any CPU.Build.0 = Release|Any CPU
	EndGlobalSection
	GlobalSection(SolutionProperties) = preSolution
		HideSolutionNode = FALSE
	EndGlobalSection
	GlobalSection(ExtensibilityGlobals) = postSolution
		SolutionGuid = {81ACE3AB-C2D5-45CE-8381-90F28BBDE276}
	EndGlobalSection
EndGlobal
